
Microsoft Visual Studio Solution File, Format Version 12.00
# Visual Studio 15
VisualStudioVersion = 15.0.27703.2018
MinimumVisualStudioVersion = 10.0.40219.1
Project("{FAE04EC0-301F-11D3-BF4B-00C04F79EFBC}") = "MeriMudra", "MeriMudra\MeriMudra.csproj", "{2174FD48-ACD6-40DD-9ED6-558C07A0BE0B}"
EndProject
Global
	GlobalSection(SolutionConfigurationPlatforms) = preSolution
		Debug|Any CPU = Debug|Any CPU
		Release|Any CPU = Release|Any CPU
	EndGlobalSection
	GlobalSection(ProjectConfigurationPlatforms) = postSolution
		{2174FD48-ACD6-40DD-9ED6-558C07A0BE0B}.Debug|Any CPU.ActiveCfg = Debug|Any CPU
		{2174FD48-ACD6-40DD-9ED6-558C07A0BE0B}.Debug|Any CPU.Build.0 = Debug|Any CPU
		{2174FD48-ACD6-40DD-9ED6-558C07A0BE0B}.Release|Any CPU.ActiveCfg = Release|Any CPU
		{2174FD48-ACD6-40DD-9ED6-558C07A0BE0B}.Release|Any CPU.Build.0 = Release|Any CPU
	EndGlobalSection
	GlobalSection(SolutionProperties) = preSolution
		HideSolutionNode = FALSE
	EndGlobalSection
	GlobalSection(ExtensibilityGlobals) = postSolution
		SolutionGuid = {A513A79E-9234-4A5E-9B16-341AC79BB42B}
	EndGlobalSection
EndGlobal
